lockfileVersion: 5.3

importers:

  packages/compiler:
    specifiers:
      '@types/estree': ^0.0.50
      acorn: ^8.6.0
      code-red: ^0.2.3
      css-tree: ^2.0.4
      estree-walker: ^3.0.0
      magic-string: ^0.25.7
      periscopic: ^3.0.4
    dependencies:
      acorn: 8.6.0
      code-red: 0.2.3
      css-tree: 2.0.4
      estree-walker: 3.0.0
      magic-string: 0.25.7
      periscopic: 3.0.4
    devDependencies:
      '@types/estree': 0.0.50

  packages/runtime:
    specifiers: {}

  packages/test:
    specifiers:
      velvet: link:../runtime
    dependencies:
      velvet: link:../runtime

packages:

  /@types/estree/0.0.50:
    resolution: {integrity: sha512-C6N5s2ZFtuZRj54k2/zyRhNDjJwwcViAM3Nbm8zjBpbqAdZ00mr0CFxvSKeO8Y/e03WVFLpQMdHYVfUd6SB+Hw==}

  /acorn/8.6.0:
    resolution: {integrity: sha512-U1riIR+lBSNi3IbxtaHOIKdH8sLFv3NYfNv8sg7ZsNhcfl4HF2++BfqqrNAxoCLQW1iiylOj76ecnaUxz+z9yw==}
    engines: {node: '>=0.4.0'}
    hasBin: true
    dev: false

  /code-red/0.2.3:
    resolution: {integrity: sha512-l9MRiYO9iNx3dCpoZBZkaHAVtbhig8TBddEHq7ssWcZRAjaYR8NoRFzZ56VJ20TIg7hEQegCVCH3fVus+2Ol4Q==}
    dependencies:
      '@types/estree': 0.0.50
      acorn: 8.6.0
      estree-walker: 3.0.0
      is-reference: 3.0.0
      periscopic: 3.0.4
      sourcemap-codec: 1.4.8
    dev: false

  /css-tree/2.0.4:
    resolution: {integrity: sha512-b4IS9ZUMtGBiNjzYbcj9JhYbyei99R3ai2CSxlu8GQDnoPA/P+NU85hAm0eKDc/Zp660rpK6tFJQ2OSdacMHVg==}
    engines: {node: ^10 || ^12.20.0 || ^14.13.0 || >=15.0.0, npm: '>=7.0.0'}
    dependencies:
      mdn-data: 2.0.23
      source-map-js: 1.0.1
    dev: false

  /estree-walker/3.0.0:
    resolution: {integrity: sha512-s6ceX0NFiU/vKPiKvFdR83U1Zffu7upwZsGwpoqfg5rbbq1l50WQ5hCeIvM6E6oD4shUHCYMsiFPns4Jk0YfMQ==}
    dev: false

  /is-reference/3.0.0:
    resolution: {integrity: sha512-Eo1W3wUoHWoCoVM4GVl/a+K0IgiqE5aIo4kJABFyMum1ZORlPkC+UC357sSQUL5w5QCE5kCC9upl75b7+7CY/Q==}
    dependencies:
      '@types/estree': 0.0.50
    dev: false

  /magic-string/0.25.7:
    resolution: {integrity: sha512-4CrMT5DOHTDk4HYDlzmwu4FVCcIYI8gauveasrdCu2IKIFOJ3f0v/8MDGJCDL9oD2ppz/Av1b0Nj345H9M+XIA==}
    dependencies:
      sourcemap-codec: 1.4.8
    dev: false

  /mdn-data/2.0.23:
    resolution: {integrity: sha512-IonVb7pfla2U4zW8rc7XGrtgq11BvYeCxWN8HS+KFBnLDE7XDK9AAMVhRuG6fj9BBsjc69Fqsp6WEActEdNTDQ==}
    dev: false

  /periscopic/3.0.4:
    resolution: {integrity: sha512-SFx68DxCv0Iyo6APZuw/AKewkkThGwssmU0QWtTlvov3VAtPX+QJ4CadwSaz8nrT5jPIuxdvJWB4PnD2KNDxQg==}
    dependencies:
      estree-walker: 3.0.0
      is-reference: 3.0.0
    dev: false

  /source-map-js/1.0.1:
    resolution: {integrity: sha512-4+TN2b3tqOCd/kaGRJ/sTYA0tR0mdXx26ipdolxcwtJVqEnqNYvlCAt1q3ypy4QMlYus+Zh34RNtYLoq2oQ4IA==}
    engines: {node: '>=0.10.0'}
    dev: false

  /sourcemap-codec/1.4.8:
    resolution: {integrity: sha512-9NykojV5Uih4lgo5So5dtw+f0JgJX30KCNI8gwhz2J9A15wD0Ml6tjHKwf6fTSa6fAdVBdZeNOs9eJ71qCk8vA==}
    dev: false
